
Microsoft Visual Studio Solution File, Format Version 12.00
# Visual Studio Version 16
VisualStudioVersion = 16.0.31005.135
MinimumVisualStudioVersion = 10.0.40219.1
Project("{9A19103F-16F7-4668-BE54-9A1E7A4F7556}") = "Entities", "Entities\Entities.csproj", "{DF2A5F6B-443D-42C2-B52A-014309E67562}"
EndProject
Project("{9A19103F-16F7-4668-BE54-9A1E7A4F7556}") = "DataAccess", "DataAccess\DataAccess.csproj", "{2C9C4A11-9591-436E-A2D2-FCB8396FCEFC}"
EndProject
Project("{9A19103F-16F7-4668-BE54-9A1E7A4F7556}") = "Business", "Business\Business.csproj", "{F1629EB0-65DF-4204-9D09-FCC39AE7CD33}"
EndProject
Project("{9A19103F-16F7-4668-BE54-9A1E7A4F7556}") = "ConsoleUI", "ConsoleUI\ConsoleUI.csproj", "{43A6983B-8F70-4BC8-B00D-207BB443BE67}"
EndProject
Project("{9A19103F-16F7-4668-BE54-9A1E7A4F7556}") = "Core", "Core\Core.csproj", "{E9BAA312-DF63-45C6-AB0D-DCA017777BBE}"
EndProject
Project("{9A19103F-16F7-4668-BE54-9A1E7A4F7556}") = "WebAPI", "WebAPI\WebAPI.csproj", "{0110DCAB-528E-4167-8EA3-68DE82D1F91A}"
EndProject
Project("{FAE04EC0-301F-11D3-BF4B-00C04F79EFBC}") = "Test", "Test\Test.csproj", "{38C7F5FD-C1A8-41D4-874C-221059736CE0}"
EndProject
Global
	GlobalSection(SolutionConfigurationPlatforms) = preSolution
		Debug|Any CPU = Debug|Any CPU
		Release|Any CPU = Release|Any CPU
	EndGlobalSection
	GlobalSection(ProjectConfigurationPlatforms) = postSolution
		{DF2A5F6B-443D-42C2-B52A-014309E67562}.Debug|Any CPU.ActiveCfg = Debug|Any CPU
		{DF2A5F6B-443D-42C2-B52A-014309E67562}.Debug|Any CPU.Build.0 = Debug|Any CPU
		{DF2A5F6B-443D-42C2-B52A-014309E67562}.Release|Any CPU.ActiveCfg = Release|Any CPU
		{DF2A5F6B-443D-42C2-B52A-014309E67562}.Release|Any CPU.Build.0 = Release|Any CPU
		{2C9C4A11-9591-436E-A2D2-FCB8396FCEFC}.Debug|Any CPU.ActiveCfg = Debug|Any CPU
		{2C9C4A11-9591-436E-A2D2-FCB8396FCEFC}.Debug|Any CPU.Build.0 = Debug|Any CPU
		{2C9C4A11-9591-436E-A2D2-FCB8396FCEFC}.Release|Any CPU.ActiveCfg = Release|Any CPU
		{2C9C4A11-9591-436E-A2D2-FCB8396FCEFC}.Release|Any CPU.Build.0 = Release|Any CPU
		{F1629EB0-65DF-4204-9D09-FCC39AE7CD33}.Debug|Any CPU.ActiveCfg = Debug|Any CPU
		{F1629EB0-65DF-4204-9D09-FCC39AE7CD33}.Debug|Any CPU.Build.0 = Debug|Any CPU
		{F1629EB0-65DF-4204-9D09-FCC39AE7CD33}.Release|Any CPU.ActiveCfg = Release|Any CPU
		{F1629EB0-65DF-4204-9D09-FCC39AE7CD33}.Release|Any CPU.Build.0 = Release|Any CPU
		{43A6983B-8F70-4BC8-B00D-207BB443BE67}.Debug|Any CPU.ActiveCfg = Debug|Any CPU
		{43A6983B-8F70-4BC8-B00D-207BB443BE67}.Debug|Any CPU.Build.0 = Debug|Any CPU
		{43A6983B-8F70-4BC8-B00D-207BB443BE67}.Release|Any CPU.ActiveCfg = Release|Any CPU
		{43A6983B-8F70-4BC8-B00D-207BB443BE67}.Release|Any CPU.Build.0 = Release|Any CPU
		{E9BAA312-DF63-45C6-AB0D-DCA017777BBE}.Debug|Any CPU.ActiveCfg = Debug|Any CPU
		{E9BAA312-DF63-45C6-AB0D-DCA017777BBE}.Debug|Any CPU.Build.0 = Debug|Any CPU
		{E9BAA312-DF63-45C6-AB0D-DCA017777BBE}.Release|Any CPU.ActiveCfg = Release|Any CPU
		{E9BAA312-DF63-45C6-AB0D-DCA017777BBE}.Release|Any CPU.Build.0 = Release|Any CPU
		{0110DCAB-528E-4167-8EA3-68DE82D1F91A}.Debug|Any CPU.ActiveCfg = Debug|Any CPU
		{0110DCAB-528E-4167-8EA3-68DE82D1F91A}.Debug|Any CPU.Build.0 = Debug|Any CPU
		{0110DCAB-528E-4167-8EA3-68DE82D1F91A}.Release|Any CPU.ActiveCfg = Release|Any CPU
		{0110DCAB-528E-4167-8EA3-68DE82D1F91A}.Release|Any CPU.Build.0 = Release|Any CPU
		{38C7F5FD-C1A8-41D4-874C-221059736CE0}.Debug|Any CPU.ActiveCfg = Debug|Any CPU
		{38C7F5FD-C1A8-41D4-874C-221059736CE0}.Debug|Any CPU.Build.0 = Debug|Any CPU
		{38C7F5FD-C1A8-41D4-874C-221059736CE0}.Release|Any CPU.ActiveCfg = Release|Any CPU
		{38C7F5FD-C1A8-41D4-874C-221059736CE0}.Release|Any CPU.Build.0 = Release|Any CPU
	EndGlobalSection
	GlobalSection(SolutionProperties) = preSolution
		HideSolutionNode = FALSE
	EndGlobalSection
	GlobalSection(ExtensibilityGlobals) = postSolution
		SolutionGuid = {06016625-1D91-4473-8B92-1A4312C6C1B4}
	EndGlobalSection
EndGlobal
